
Microsoft Visual Studio Solution File, Format Version 12.00
# Visual Studio Version 16
VisualStudioVersion = 16.0.28606.126
MinimumVisualStudioVersion = 10.0.40219.1
Project("{F2A71F9B-5D33-465A-A702-920D77279786}") = "FSharpDojoLib", "FSharpDojoLib\FSharpDojoLib.fsproj", "{F7F1F365-4296-4911-B9F6-2A07FADC7F19}"
EndProject
Project("{F2A71F9B-5D33-465A-A702-920D77279786}") = "FSharpDojoConsole", "FSharpDojoConsole\FSharpDojoConsole.fsproj", "{438A14AD-19F6-4E98-BDDF-82A107CDE7C0}"
EndProject
Global
	GlobalSection(SolutionConfigurationPlatforms) = preSolution
		Debug|Any CPU = Debug|Any CPU
		Release|Any CPU = Release|Any CPU
	EndGlobalSection
	GlobalSection(ProjectConfigurationPlatforms) = postSolution
		{F7F1F365-4296-4911-B9F6-2A07FADC7F19}.Debug|Any CPU.ActiveCfg = Debug|Any CPU
		{F7F1F365-4296-4911-B9F6-2A07FADC7F19}.Debug|Any CPU.Build.0 = Debug|Any CPU
		{F7F1F365-4296-4911-B9F6-2A07FADC7F19}.Release|Any CPU.ActiveCfg = Release|Any CPU
		{F7F1F365-4296-4911-B9F6-2A07FADC7F19}.Release|Any CPU.Build.0 = Release|Any CPU
		{438A14AD-19F6-4E98-BDDF-82A107CDE7C0}.Debug|Any CPU.ActiveCfg = Debug|Any CPU
		{438A14AD-19F6-4E98-BDDF-82A107CDE7C0}.Debug|Any CPU.Build.0 = Debug|Any CPU
		{438A14AD-19F6-4E98-BDDF-82A107CDE7C0}.Release|Any CPU.ActiveCfg = Release|Any CPU
		{438A14AD-19F6-4E98-BDDF-82A107CDE7C0}.Release|Any CPU.Build.0 = Release|Any CPU
	EndGlobalSection
	GlobalSection(SolutionProperties) = preSolution
		HideSolutionNode = FALSE
	EndGlobalSection
	GlobalSection(ExtensibilityGlobals) = postSolution
		SolutionGuid = {46A31B4B-BDA0-45F9-92E1-808227149C6C}
	EndGlobalSection
EndGlobal
